
Microsoft Visual Studio Solution File, Format Version 12.00
# Visual Studio Version 17
VisualStudioVersion = 17.10.35027.167
MinimumVisualStudioVersion = 10.0.40219.1
Project("{FAE04EC0-301F-11D3-BF4B-00C04F79EFBC}") = "wcf_chat", "wcf_chat\wcf_chat.csproj", "{AB6D9AEB-B002-4415-B2C3-7FBAED75BBAC}"
EndProject
Project("{FAE04EC0-301F-11D3-BF4B-00C04F79EFBC}") = "chat_host", "chat_host\chat_host.csproj", "{A8842851-E15E-430B-B8DB-578417C47141}"
EndProject
Project("{FAE04EC0-301F-11D3-BF4B-00C04F79EFBC}") = "chat_client", "chat_client\chat_client.csproj", "{DBBA4EF0-A88D-4D4A-9975-D5B8183395F8}"
EndProject
Global
	GlobalSection(SolutionConfigurationPlatforms) = preSolution
		Debug|Any CPU = Debug|Any CPU
		Release|Any CPU = Release|Any CPU
	EndGlobalSection
	GlobalSection(ProjectConfigurationPlatforms) = postSolution
		{AB6D9AEB-B002-4415-B2C3-7FBAED75BBAC}.Debug|Any CPU.ActiveCfg = Debug|Any CPU
		{AB6D9AEB-B002-4415-B2C3-7FBAED75BBAC}.Debug|Any CPU.Build.0 = Debug|Any CPU
		{AB6D9AEB-B002-4415-B2C3-7FBAED75BBAC}.Release|Any CPU.ActiveCfg = Release|Any CPU
		{AB6D9AEB-B002-4415-B2C3-7FBAED75BBAC}.Release|Any CPU.Build.0 = Release|Any CPU
		{A8842851-E15E-430B-B8DB-578417C47141}.Debug|Any CPU.ActiveCfg = Debug|Any CPU
		{A8842851-E15E-430B-B8DB-578417C47141}.Debug|Any CPU.Build.0 = Debug|Any CPU
		{A8842851-E15E-430B-B8DB-578417C47141}.Release|Any CPU.ActiveCfg = Release|Any CPU
		{A8842851-E15E-430B-B8DB-578417C47141}.Release|Any CPU.Build.0 = Release|Any CPU
		{DBBA4EF0-A88D-4D4A-9975-D5B8183395F8}.Debug|Any CPU.ActiveCfg = Debug|Any CPU
		{DBBA4EF0-A88D-4D4A-9975-D5B8183395F8}.Debug|Any CPU.Build.0 = Debug|Any CPU
		{DBBA4EF0-A88D-4D4A-9975-D5B8183395F8}.Release|Any CPU.ActiveCfg = Release|Any CPU
		{DBBA4EF0-A88D-4D4A-9975-D5B8183395F8}.Release|Any CPU.Build.0 = Release|Any CPU
	EndGlobalSection
	GlobalSection(SolutionProperties) = preSolution
		HideSolutionNode = FALSE
	EndGlobalSection
	GlobalSection(ExtensibilityGlobals) = postSolution
		SolutionGuid = {5F513DC0-16D0-4287-B31B-DCFE284601AE}
	EndGlobalSection
EndGlobal
